
Microsoft Visual Studio Solution File, Format Version 12.00
# Visual Studio Version 17
VisualStudioVersion = 17.5.33530.505
MinimumVisualStudioVersion = 10.0.40219.1
Project("{FAE04EC0-301F-11D3-BF4B-00C04F79EFBC}") = "PR18", "PR18\PR18.csproj", "{2114C52B-B045-4A01-8ADB-7B9017A21759}"
EndProject
Global
	GlobalSection(SolutionConfigurationPlatforms) = preSolution
		Debug|Any CPU = Debug|Any CPU
		Release|Any CPU = Release|Any CPU
	EndGlobalSection
	GlobalSection(ProjectConfigurationPlatforms) = postSolution
		{2114C52B-B045-4A01-8ADB-7B9017A21759}.Debug|Any CPU.ActiveCfg = Debug|Any CPU
		{2114C52B-B045-4A01-8ADB-7B9017A21759}.Debug|Any CPU.Build.0 = Debug|Any CPU
		{2114C52B-B045-4A01-8ADB-7B9017A21759}.Release|Any CPU.ActiveCfg = Release|Any CPU
		{2114C52B-B045-4A01-8ADB-7B9017A21759}.Release|Any CPU.Build.0 = Release|Any CPU
	EndGlobalSection
	GlobalSection(SolutionProperties) = preSolution
		HideSolutionNode = FALSE
	EndGlobalSection
	GlobalSection(ExtensibilityGlobals) = postSolution
		SolutionGuid = {788B6F92-B6F5-43AA-93E7-C7D60DE4BCA6}
	EndGlobalSection
EndGlobal
